
Microsoft Visual Studio Solution File, Format Version 12.00
# Visual Studio Version 17
VisualStudioVersion = 17.0.31903.59
MinimumVisualStudioVersion = 10.0.40219.1
Project("{2150E333-8FDC-42A3-9474-1A3956D46DE8}") = "src", "src", "{827E0CD3-B72D-47B6-A68D-7590B98EB39B}"
EndProject
Project("{FAE04EC0-301F-11D3-BF4B-00C04F79EFBC}") = "DesktopManager.Core", "src\DesktopManager.Core\DesktopManager.Core.csproj", "{908AE565-CF6B-4049-B193-4E3B563AE232}"
EndProject
Project("{FAE04EC0-301F-11D3-BF4B-00C04F79EFBC}") = "DesktopManager.Infrastructure", "src\DesktopManager.Infrastructure\DesktopManager.Infrastructure.csproj", "{E2C513E4-3FEA-4533-B083-4D3FF8FB7F82}"
EndProject
Project("{FAE04EC0-301F-11D3-BF4B-00C04F79EFBC}") = "DesktopManager.App", "src\DesktopManager.App\DesktopManager.App.csproj", "{11F3B1BA-89A3-4F4D-BFC4-0D72D9259CD8}"
EndProject
Project("{2150E333-8FDC-42A3-9474-1A3956D46DE8}") = "tests", "tests", "{0AB3BF05-4346-4AA6-1389-037BE0695223}"
EndProject
Project("{FAE04EC0-301F-11D3-BF4B-00C04F79EFBC}") = "DesktopManager.Core.Tests", "tests\DesktopManager.Core.Tests\DesktopManager.Core.Tests.csproj", "{73B69E30-2D91-4DF8-83A7-2950997C2C4D}"
EndProject
Project("{FAE04EC0-301F-11D3-BF4B-00C04F79EFBC}") = "DesktopManager.IntegrationTests", "tests\DesktopManager.IntegrationTests\DesktopManager.IntegrationTests.csproj", "{C3EF5416-78FF-4CA1-9CB5-8A84CD134DD6}"
EndProject
Global
	GlobalSection(SolutionConfigurationPlatforms) = preSolution
		Debug|Any CPU = Debug|Any CPU
		Debug|x64 = Debug|x64
		Debug|x86 = Debug|x86
		Release|Any CPU = Release|Any CPU
		Release|x64 = Release|x64
		Release|x86 = Release|x86
	EndGlobalSection
	GlobalSection(ProjectConfigurationPlatforms) = postSolution
		{908AE565-CF6B-4049-B193-4E3B563AE232}.Debug|Any CPU.ActiveCfg = Debug|Any CPU
		{908AE565-CF6B-4049-B193-4E3B563AE232}.Debug|Any CPU.Build.0 = Debug|Any CPU
		{908AE565-CF6B-4049-B193-4E3B563AE232}.Debug|x64.ActiveCfg = Debug|Any CPU
		{908AE565-CF6B-4049-B193-4E3B563AE232}.Debug|x64.Build.0 = Debug|Any CPU
		{908AE565-CF6B-4049-B193-4E3B563AE232}.Debug|x86.ActiveCfg = Debug|Any CPU
		{908AE565-CF6B-4049-B193-4E3B563AE232}.Debug|x86.Build.0 = Debug|Any CPU
		{908AE565-CF6B-4049-B193-4E3B563AE232}.Release|Any CPU.ActiveCfg = Release|Any CPU
		{908AE565-CF6B-4049-B193-4E3B563AE232}.Release|Any CPU.Build.0 = Release|Any CPU
		{908AE565-CF6B-4049-B193-4E3B563AE232}.Release|x64.ActiveCfg = Release|Any CPU
		{908AE565-CF6B-4049-B193-4E3B563AE232}.Release|x64.Build.0 = Release|Any CPU
		{908AE565-CF6B-4049-B193-4E3B563AE232}.Release|x86.ActiveCfg = Release|Any CPU
		{908AE565-CF6B-4049-B193-4E3B563AE232}.Release|x86.Build.0 = Release|Any CPU
		{E2C513E4-3FEA-4533-B083-4D3FF8FB7F82}.Debug|Any CPU.ActiveCfg = Debug|Any CPU
		{E2C513E4-3FEA-4533-B083-4D3FF8FB7F82}.Debug|Any CPU.Build.0 = Debug|Any CPU
		{E2C513E4-3FEA-4533-B083-4D3FF8FB7F82}.Debug|x64.ActiveCfg = Debug|Any CPU
		{E2C513E4-3FEA-4533-B083-4D3FF8FB7F82}.Debug|x64.Build.0 = Debug|Any CPU
		{E2C513E4-3FEA-4533-B083-4D3FF8FB7F82}.Debug|x86.ActiveCfg = Debug|Any CPU
		{E2C513E4-3FEA-4533-B083-4D3FF8FB7F82}.Debug|x86.Build.0 = Debug|Any CPU
		{E2C513E4-3FEA-4533-B083-4D3FF8FB7F82}.Release|Any CPU.ActiveCfg = Release|Any CPU
		{E2C513E4-3FEA-4533-B083-4D3FF8FB7F82}.Release|Any CPU.Build.0 = Release|Any CPU
		{E2C513E4-3FEA-4533-B083-4D3FF8FB7F82}.Release|x64.ActiveCfg = Release|Any CPU
		{E2C513E4-3FEA-4533-B083-4D3FF8FB7F82}.Release|x64.Build.0 = Release|Any CPU
		{E2C513E4-3FEA-4533-B083-4D3FF8FB7F82}.Release|x86.ActiveCfg = Release|Any CPU
		{E2C513E4-3FEA-4533-B083-4D3FF8FB7F82}.Release|x86.Build.0 = Release|Any CPU
		{11F3B1BA-89A3-4F4D-BFC4-0D72D9259CD8}.Debug|Any CPU.ActiveCfg = Debug|Any CPU
		{11F3B1BA-89A3-4F4D-BFC4-0D72D9259CD8}.Debug|Any CPU.Build.0 = Debug|Any CPU
		{11F3B1BA-89A3-4F4D-BFC4-0D72D9259CD8}.Debug|x64.ActiveCfg = Debug|Any CPU
		{11F3B1BA-89A3-4F4D-BFC4-0D72D9259CD8}.Debug|x64.Build.0 = Debug|Any CPU
		{11F3B1BA-89A3-4F4D-BFC4-0D72D9259CD8}.Debug|x86.ActiveCfg = Debug|Any CPU
		{11F3B1BA-89A3-4F4D-BFC4-0D72D9259CD8}.Debug|x86.Build.0 = Debug|Any CPU
		{11F3B1BA-89A3-4F4D-BFC4-0D72D9259CD8}.Release|Any CPU.ActiveCfg = Release|Any CPU
		{11F3B1BA-89A3-4F4D-BFC4-0D72D9259CD8}.Release|Any CPU.Build.0 = Release|Any CPU
		{11F3B1BA-89A3-4F4D-BFC4-0D72D9259CD8}.Release|x64.ActiveCfg = Release|Any CPU
		{11F3B1BA-89A3-4F4D-BFC4-0D72D9259CD8}.Release|x64.Build.0 = Release|Any CPU
		{11F3B1BA-89A3-4F4D-BFC4-0D72D9259CD8}.Release|x86.ActiveCfg = Release|Any CPU
		{11F3B1BA-89A3-4F4D-BFC4-0D72D9259CD8}.Release|x86.Build.0 = Release|Any CPU
		{73B69E30-2D91-4DF8-83A7-2950997C2C4D}.Debug|Any CPU.ActiveCfg = Debug|Any CPU
		{73B69E30-2D91-4DF8-83A7-2950997C2C4D}.Debug|Any CPU.Build.0 = Debug|Any CPU
		{73B69E30-2D91-4DF8-83A7-2950997C2C4D}.Debug|x64.ActiveCfg = Debug|Any CPU
		{73B69E30-2D91-4DF8-83A7-2950997C2C4D}.Debug|x64.Build.0 = Debug|Any CPU
		{73B69E30-2D91-4DF8-83A7-2950997C2C4D}.Debug|x86.ActiveCfg = Debug|Any CPU
		{73B69E30-2D91-4DF8-83A7-2950997C2C4D}.Debug|x86.Build.0 = Debug|Any CPU
		{73B69E30-2D91-4DF8-83A7-2950997C2C4D}.Release|Any CPU.ActiveCfg = Release|Any CPU
		{73B69E30-2D91-4DF8-83A7-2950997C2C4D}.Release|Any CPU.Build.0 = Release|Any CPU
		{73B69E30-2D91-4DF8-83A7-2950997C2C4D}.Release|x64.ActiveCfg = Release|Any CPU
		{73B69E30-2D91-4DF8-83A7-2950997C2C4D}.Release|x64.Build.0 = Release|Any CPU
		{73B69E30-2D91-4DF8-83A7-2950997C2C4D}.Release|x86.ActiveCfg = Release|Any CPU
		{73B69E30-2D91-4DF8-83A7-2950997C2C4D}.Release|x86.Build.0 = Release|Any CPU
		{C3EF5416-78FF-4CA1-9CB5-8A84CD134DD6}.Debug|Any CPU.ActiveCfg = Debug|Any CPU
		{C3EF5416-78FF-4CA1-9CB5-8A84CD134DD6}.Debug|Any CPU.Build.0 = Debug|Any CPU
		{C3EF5416-78FF-4CA1-9CB5-8A84CD134DD6}.Debug|x64.ActiveCfg = Debug|Any CPU
		{C3EF5416-78FF-4CA1-9CB5-8A84CD134DD6}.Debug|x64.Build.0 = Debug|Any CPU
		{C3EF5416-78FF-4CA1-9CB5-8A84CD134DD6}.Debug|x86.ActiveCfg = Debug|Any CPU
		{C3EF5416-78FF-4CA1-9CB5-8A84CD134DD6}.Debug|x86.Build.0 = Debug|Any CPU
		{C3EF5416-78FF-4CA1-9CB5-8A84CD134DD6}.Release|Any CPU.ActiveCfg = Release|Any CPU
		{C3EF5416-78FF-4CA1-9CB5-8A84CD134DD6}.Release|Any CPU.Build.0 = Release|Any CPU
		{C3EF5416-78FF-4CA1-9CB5-8A84CD134DD6}.Release|x64.ActiveCfg = Release|Any CPU
		{C3EF5416-78FF-4CA1-9CB5-8A84CD134DD6}.Release|x64.Build.0 = Release|Any CPU
		{C3EF5416-78FF-4CA1-9CB5-8A84CD134DD6}.Release|x86.ActiveCfg = Release|Any CPU
		{C3EF5416-78FF-4CA1-9CB5-8A84CD134DD6}.Release|x86.Build.0 = Release|Any CPU
	EndGlobalSection
	GlobalSection(SolutionProperties) = preSolution
		HideSolutionNode = FALSE
	EndGlobalSection
	GlobalSection(NestedProjects) = preSolution
		{908AE565-CF6B-4049-B193-4E3B563AE232} = {827E0CD3-B72D-47B6-A68D-7590B98EB39B}
		{E2C513E4-3FEA-4533-B083-4D3FF8FB7F82} = {827E0CD3-B72D-47B6-A68D-7590B98EB39B}
		{11F3B1BA-89A3-4F4D-BFC4-0D72D9259CD8} = {827E0CD3-B72D-47B6-A68D-7590B98EB39B}
		{73B69E30-2D91-4DF8-83A7-2950997C2C4D} = {0AB3BF05-4346-4AA6-1389-037BE0695223}
		{C3EF5416-78FF-4CA1-9CB5-8A84CD134DD6} = {0AB3BF05-4346-4AA6-1389-037BE0695223}
	EndGlobalSection
EndGlobal
